// !$*UTF8*$!
{ archiveVersion = 1; classes = {}; objectVersion = 56; objects = {
AF60D799CBC3DF7DE446F737 = { isa = PBXFileReference; lastKnownFileType = "sourcecode.swift"; path = "App/AppModel.swift"; sourceTree = SOURCE_ROOT; };
AFBF68AF6FB24DFD9AB86806 = { isa = PBXBuildFile; fileRef = AF60D799CBC3DF7DE446F737; };
C2599C25FB47ADD1803E6934 = { isa = PBXFileReference; lastKnownFileType = "sourcecode.swift"; path = "App/CapydokuApp.swift"; sourceTree = SOURCE_ROOT; };
171EB73D6FEBF2ABD05C8864 = { isa = PBXBuildFile; fileRef = C2599C25FB47ADD1803E6934; };
802C768AA72FEDECDCD26BBB = { isa = PBXFileReference; lastKnownFileType = "sourcecode.swift"; path = "App/Services/AnalyticsRecorder.swift"; sourceTree = SOURCE_ROOT; };
406E1E592084701365069855 = { isa = PBXBuildFile; fileRef = 802C768AA72FEDECDCD26BBB; };
D1CF0A6D58547823C450754C = { isa = PBXFileReference; lastKnownFileType = "sourcecode.swift"; path = "App/Services/AppLocalization.swift"; sourceTree = SOURCE_ROOT; };
4B7FF5E5BB916FA338BB0DAB = { isa = PBXBuildFile; fileRef = D1CF0A6D58547823C450754C; };
8315071D865BB691FAAB825E = { isa = PBXFileReference; lastKnownFileType = "sourcecode.swift"; path = "App/Services/DurableStateFile.swift"; sourceTree = SOURCE_ROOT; };
AF060BD06CCE4317CBDC4B08 = { isa = PBXBuildFile; fileRef = 8315071D865BB691FAAB825E; };
B70B4AB705D648926387BD68 = { isa = PBXFileReference; lastKnownFileType = "sourcecode.swift"; path = "App/Services/FeedbackPlayer.swift"; sourceTree = SOURCE_ROOT; };
B7D478DCD395E6796CC19D44 = { isa = PBXBuildFile; fileRef = B70B4AB705D648926387BD68; };
C7A905C5F18B99D52E2BF0F3 = { isa = PBXFileReference; lastKnownFileType = "sourcecode.swift"; path = "App/Services/GameplayConfigurationStore.swift"; sourceTree = SOURCE_ROOT; };
B61664487C2F40A2139975DD = { isa = PBXBuildFile; fileRef = C7A905C5F18B99D52E2BF0F3; };
D55E68633A5EAAFEE36D9F21 = { isa = PBXFileReference; lastKnownFileType = "sourcecode.swift"; path = "App/Services/ReferenceAudioPolicy.swift"; sourceTree = SOURCE_ROOT; };
1967B13A31C540DBCAE76B56 = { isa = PBXBuildFile; fileRef = D55E68633A5EAAFEE36D9F21; };
4750B5AEB3A2442230DB669A = { isa = PBXFileReference; lastKnownFileType = "sourcecode.swift"; path = "App/Services/RewardProvider.swift"; sourceTree = SOURCE_ROOT; };
44E6D48DFA221ABEAD695D8A = { isa = PBXBuildFile; fileRef = 4750B5AEB3A2442230DB669A; };
CD9A95FD97E440FA96023E6A = { isa = PBXFileReference; lastKnownFileType = "sourcecode.swift"; path = "App/Services/StartupController.swift"; sourceTree = SOURCE_ROOT; };
B5A975D97959A735F1AFCABF = { isa = PBXBuildFile; fileRef = CD9A95FD97E440FA96023E6A; };
3C6B5CD5F313315613931B16 = { isa = PBXFileReference; lastKnownFileType = "sourcecode.swift"; path = "App/Views/BoardMistakeFeedbackView.swift"; sourceTree = SOURCE_ROOT; };
62A665E4ACA8E4776FB83F03 = { isa = PBXBuildFile; fileRef = 3C6B5CD5F313315613931B16; };
F3F938F8AA2326E7F9DB19E5 = { isa = PBXFileReference; lastKnownFileType = "sourcecode.swift"; path = "App/Views/CapyStyle.swift"; sourceTree = SOURCE_ROOT; };
7F8C1D9BBB41E556D87B7664 = { isa = PBXBuildFile; fileRef = F3F938F8AA2326E7F9DB19E5; };
21FD77D4D22BE93D26ECECFC = { isa = PBXFileReference; lastKnownFileType = "sourcecode.swift"; path = "App/Views/GameFeedbackPresentation.swift"; sourceTree = SOURCE_ROOT; };
93D26B7890A45CCBCC6F6350 = { isa = PBXBuildFile; fileRef = 21FD77D4D22BE93D26ECECFC; };
31B396C672061813B3A8B944 = { isa = PBXFileReference; lastKnownFileType = "sourcecode.swift"; path = "App/Views/PuzzleBoardView.swift"; sourceTree = SOURCE_ROOT; };
7ECA380D35A8BBCF9FA77268 = { isa = PBXBuildFile; fileRef = 31B396C672061813B3A8B944; };
A4E0B2FDBB8C783427391B4D = { isa = PBXFileReference; lastKnownFileType = "sourcecode.swift"; path = "App/Views/RootView.swift"; sourceTree = SOURCE_ROOT; };
DD0008C058DECB141CF5DCE8 = { isa = PBXBuildFile; fileRef = A4E0B2FDBB8C783427391B4D; };
7BFE4D9D17C0AA3A16BF243E = { isa = PBXFileReference; lastKnownFileType = "sourcecode.swift"; path = "App/Views/StartupArtworkViews.swift"; sourceTree = SOURCE_ROOT; };
B9D0627F06A174C85AB40C93 = { isa = PBXBuildFile; fileRef = 7BFE4D9D17C0AA3A16BF243E; };
AD847B81CA53BDD955585006 = { isa = PBXFileReference; lastKnownFileType = "sourcecode.swift"; path = "App/Views/StartupFlowView.swift"; sourceTree = SOURCE_ROOT; };
100F9252AAB0092FBD2F7113 = { isa = PBXBuildFile; fileRef = AD847B81CA53BDD955585006; };
3EAE985E9CE7D12C92D29C3D = { isa = PBXFileReference; lastKnownFileType = "sourcecode.swift"; path = "App/Views/SupportingViews.swift"; sourceTree = SOURCE_ROOT; };
0B7763D7E65E775F88A4F9B5 = { isa = PBXBuildFile; fileRef = 3EAE985E9CE7D12C92D29C3D; };
A7702044DD3F6A949E85532E = { isa = PBXFileReference; lastKnownFileType = "sourcecode.swift"; path = "UITests/AppLanguageUITests.swift"; sourceTree = SOURCE_ROOT; };
BF6B8A9D0DBFCB83D66AE8F5 = { isa = PBXBuildFile; fileRef = A7702044DD3F6A949E85532E; };
DE507E946568F61463BC172C = { isa = PBXFileReference; lastKnownFileType = "sourcecode.swift"; path = "UITests/CapydokuUITests.swift"; sourceTree = SOURCE_ROOT; };
92768FF7DB5EF802456814CD = { isa = PBXBuildFile; fileRef = DE507E946568F61463BC172C; };
76F8946EDB2C0787ADAC862A = { isa = PBXFileReference; lastKnownFileType = "sourcecode.swift"; path = "UITests/HardeningUITests.swift"; sourceTree = SOURCE_ROOT; };
250411E114ED5EECDA7BF560 = { isa = PBXBuildFile; fileRef = 76F8946EDB2C0787ADAC862A; };
30B36E3E5965DFC84DA6B6EB = { isa = PBXFileReference; lastKnownFileType = "sourcecode.swift"; path = "UITests/OriginalReferenceUITests.swift"; sourceTree = SOURCE_ROOT; };
4A1EC30FFEB82BD4E006E27D = { isa = PBXBuildFile; fileRef = 30B36E3E5965DFC84DA6B6EB; };
D4B8ECEDCB8644866E7D63A3 = { isa = PBXFileReference; lastKnownFileType = "sourcecode.swift"; path = "AppTests/AnalyticsRecorderTests.swift"; sourceTree = SOURCE_ROOT; };
D2AAA389C5A3FB64F68F9861 = { isa = PBXBuildFile; fileRef = D4B8ECEDCB8644866E7D63A3; };
7D87540CCB182117CB6ED885 = { isa = PBXFileReference; lastKnownFileType = "sourcecode.swift"; path = "AppTests/AppLanguageStateTests.swift"; sourceTree = SOURCE_ROOT; };
6DC4F19F32F9DF3371209F64 = { isa = PBXBuildFile; fileRef = 7D87540CCB182117CB6ED885; };
D331B5D7248854A48974C57C = { isa = PBXFileReference; lastKnownFileType = "sourcecode.swift"; path = "AppTests/AppLocalizationTests.swift"; sourceTree = SOURCE_ROOT; };
AF71B0D3CE2D87F63BA339CA = { isa = PBXBuildFile; fileRef = D331B5D7248854A48974C57C; };
93657B40C2EEEC0DBFD78F47 = { isa = PBXFileReference; lastKnownFileType = "sourcecode.swift"; path = "AppTests/AppModelComboFeedbackTests.swift"; sourceTree = SOURCE_ROOT; };
050F3D7A547E4DDB217C88CE = { isa = PBXBuildFile; fileRef = 93657B40C2EEEC0DBFD78F47; };
EBDE28670F16E4AF77CB2145 = { isa = PBXFileReference; lastKnownFileType = "sourcecode.swift"; path = "AppTests/AppModelFeedbackRoutingTests.swift"; sourceTree = SOURCE_ROOT; };
D2A2275BB9887AD8E909E446 = { isa = PBXBuildFile; fileRef = EBDE28670F16E4AF77CB2145; };
A2A38E156496B5EB03EC00D9 = { isa = PBXFileReference; lastKnownFileType = "sourcecode.swift"; path = "AppTests/AppModelTests.swift"; sourceTree = SOURCE_ROOT; };
A5D9C6E119AAC27B7E351558 = { isa = PBXBuildFile; fileRef = A2A38E156496B5EB03EC00D9; };
141AEE53F4335B87A4799BDA = { isa = PBXFileReference; lastKnownFileType = "sourcecode.swift"; path = "AppTests/AudioPolicyTests.swift"; sourceTree = SOURCE_ROOT; };
EB6F5C68EFA7FB7012D92EFA = { isa = PBXBuildFile; fileRef = 141AEE53F4335B87A4799BDA; };
9EA823CC53722DD5543F09FB = { isa = PBXFileReference; lastKnownFileType = "sourcecode.swift"; path = "AppTests/BuffUseDurabilityTests.swift"; sourceTree = SOURCE_ROOT; };
9A3DEB03D2ED05CBF3F1C1A9 = { isa = PBXBuildFile; fileRef = 9EA823CC53722DD5543F09FB; };
4BB4393EF2C9F7D5D35BB037 = { isa = PBXFileReference; lastKnownFileType = "sourcecode.swift"; path = "AppTests/GameVisualFeedbackTests.swift"; sourceTree = SOURCE_ROOT; };
9335AE0EAA2B6BFD87D7FD93 = { isa = PBXBuildFile; fileRef = 4BB4393EF2C9F7D5D35BB037; };
9ED3DFC740C6AF5E52B8DD6C = { isa = PBXFileReference; lastKnownFileType = "sourcecode.swift"; path = "AppTests/GameplayConfigurationIntegrationTests.swift"; sourceTree = SOURCE_ROOT; };
7A9B15F418B59709C276973B = { isa = PBXBuildFile; fileRef = 9ED3DFC740C6AF5E52B8DD6C; };
BC0EF1F40259D0BA56F41FE2 = { isa = PBXFileReference; lastKnownFileType = "sourcecode.swift"; path = "AppTests/GameplayConfigurationStoreTests.swift"; sourceTree = SOURCE_ROOT; };
23293E9A9F8B500DC18E76AB = { isa = PBXBuildFile; fileRef = BC0EF1F40259D0BA56F41FE2; };
D27FAA1927CF12B34EAA0103 = { isa = PBXFileReference; lastKnownFileType = "sourcecode.swift"; path = "AppTests/InterstitialAnalyticsTests.swift"; sourceTree = SOURCE_ROOT; };
D0C75A4E65B0725E4BBD74E0 = { isa = PBXBuildFile; fileRef = D27FAA1927CF12B34EAA0103; };
B87ED9D86CA108F1E91DBB11 = { isa = PBXFileReference; lastKnownFileType = "sourcecode.swift"; path = "AppTests/LevelResultAnalyticsTests.swift"; sourceTree = SOURCE_ROOT; };
D9D284089690F7405BD3134D = { isa = PBXBuildFile; fileRef = B87ED9D86CA108F1E91DBB11; };
BAE4DAA9EC0FA5E77D0A7475 = { isa = PBXFileReference; lastKnownFileType = "sourcecode.swift"; path = "AppTests/OriginalFlowTests.swift"; sourceTree = SOURCE_ROOT; };
AD18113A6607E0BAF9DE4CA9 = { isa = PBXBuildFile; fileRef = BAE4DAA9EC0FA5E77D0A7475; };
9D2A43FBBC464BAC51C7EC08 = { isa = PBXFileReference; lastKnownFileType = "sourcecode.swift"; path = "AppTests/OriginalRewardVisualTests.swift"; sourceTree = SOURCE_ROOT; };
AAD07B8037CAB453024AB22E = { isa = PBXBuildFile; fileRef = 9D2A43FBBC464BAC51C7EC08; };
9F6394F829CF909A0B5E1691 = { isa = PBXFileReference; lastKnownFileType = "sourcecode.swift"; path = "AppTests/OriginalUIContractTests.swift"; sourceTree = SOURCE_ROOT; };
D68828C317BA278B956DC606 = { isa = PBXBuildFile; fileRef = 9F6394F829CF909A0B5E1691; };
ABBC185927923F8A54646AFC = { isa = PBXFileReference; lastKnownFileType = "sourcecode.swift"; path = "AppTests/RewardCompletionRecoveryTests.swift"; sourceTree = SOURCE_ROOT; };
65FA4EE60CA8A1DA11B64BCA = { isa = PBXBuildFile; fileRef = ABBC185927923F8A54646AFC; };
24C182E7CB314E37DDEC54C6 = { isa = PBXFileReference; lastKnownFileType = "sourcecode.swift"; path = "AppTests/RewardLifecycleDurabilityTests.swift"; sourceTree = SOURCE_ROOT; };
B2A3DCC656E13FA9F48E3FE6 = { isa = PBXBuildFile; fileRef = 24C182E7CB314E37DDEC54C6; };
E673E68A55CDA0535A28ED98 = { isa = PBXFileReference; lastKnownFileType = "sourcecode.swift"; path = "AppTests/RewardPresentationTests.swift"; sourceTree = SOURCE_ROOT; };
F00C1C5E5B6882618AD2D5D1 = { isa = PBXBuildFile; fileRef = E673E68A55CDA0535A28ED98; };
F857E6D43A7E372AA27B2B9E = { isa = PBXFileReference; lastKnownFileType = "sourcecode.swift"; path = "AppTests/RewardReadinessTests.swift"; sourceTree = SOURCE_ROOT; };
AE26D11F621D6C4490AAAC07 = { isa = PBXBuildFile; fileRef = F857E6D43A7E372AA27B2B9E; };
60B7BEF291C5CE765E682866 = { isa = PBXFileReference; lastKnownFileType = "sourcecode.swift"; path = "AppTests/StartupControllerTests.swift"; sourceTree = SOURCE_ROOT; };
7C3467CFDDEDBF09BB721A79 = { isa = PBXBuildFile; fileRef = 60B7BEF291C5CE765E682866; };
E56DC0C538D59A064C4D5007 = { isa = PBXFileReference; lastKnownFileType = "sourcecode.swift"; path = "AppTests/StartupPreparationTests.swift"; sourceTree = SOURCE_ROOT; };
3ECE4BC44E10648691F43594 = { isa = PBXBuildFile; fileRef = E56DC0C538D59A064C4D5007; };
00ECF7618968B715307D70FA = { isa = PBXFileReference; lastKnownFileType = "sourcecode.swift"; path = "AppTests/StartupVisualTests.swift"; sourceTree = SOURCE_ROOT; };
A6E45E7F4805D3035C64F06A = { isa = PBXBuildFile; fileRef = 00ECF7618968B715307D70FA; };
2152F3B4A45ED0DE4E14AB8D = { isa = PBXFileReference; lastKnownFileType = "sourcecode.swift"; path = "AppTests/ToolSourceAnalyticsTests.swift"; sourceTree = SOURCE_ROOT; };
8000DFFE25C60A73EC92CD39 = { isa = PBXBuildFile; fileRef = 2152F3B4A45ED0DE4E14AB8D; };
792ADE56391DE26D78E3E80A = { isa = PBXFileReference; lastKnownFileType = "sourcecode.swift"; path = "AppTests/TutorialRecoveryTests.swift"; sourceTree = SOURCE_ROOT; };
D49EC43FC35B51000D313787 = { isa = PBXBuildFile; fileRef = 792ADE56391DE26D78E3E80A; };
28A42A07E3AD34DC91AF8F29 = { isa = PBXFileReference; lastKnownFileType = "text.json"; path = "Tests/Fixtures/reference-gameplay-synthetic-row.json"; sourceTree = SOURCE_ROOT; };
C7AB232E97DC3C2E9A9CB456 = { isa = PBXBuildFile; fileRef = 28A42A07E3AD34DC91AF8F29; };
EA6DABF9A1DF1C966F8FBB49 = { isa = PBXFileReference; lastKnownFileType = "text.json"; path = "Resources/audio-manifest.json"; sourceTree = SOURCE_ROOT; };
D8ECDAB0B1A5760697EDF89C = { isa = PBXBuildFile; fileRef = EA6DABF9A1DF1C966F8FBB49; };
F253E1AF788B38330115CAE1 = { isa = PBXFileReference; lastKnownFileType = "text.json"; path = "Resources/difficulty-profiles.json"; sourceTree = SOURCE_ROOT; };
BCB30E137EAF2252F35723C8 = { isa = PBXBuildFile; fileRef = F253E1AF788B38330115CAE1; };
AA379C3637C0E094C22184D1 = { isa = PBXFileReference; lastKnownFileType = "text.json"; path = "Resources/levels-legacy-v2.json"; sourceTree = SOURCE_ROOT; };
C96402F00CC70C277A2A71DE = { isa = PBXBuildFile; fileRef = AA379C3637C0E094C22184D1; };
E84F551A539087987315CD5D = { isa = PBXFileReference; lastKnownFileType = "text.json"; path = "Resources/levels.json"; sourceTree = SOURCE_ROOT; };
E264D4CD9E0B88C7C31886AC = { isa = PBXBuildFile; fileRef = E84F551A539087987315CD5D; };
7DF67DB813B29D8D13484340 = { isa = PBXFileReference; lastKnownFileType = "text.json"; path = "App/Resources/Localization/UIStringsCore.json"; sourceTree = SOURCE_ROOT; };
23FDA9A398E5939D9A778C91 = { isa = PBXBuildFile; fileRef = 7DF67DB813B29D8D13484340; };
523141C557F3F8B3D3E55F6E = { isa = PBXFileReference; lastKnownFileType = "text.json"; path = "App/Resources/Localization/UIStringsGame.json"; sourceTree = SOURCE_ROOT; };
28D40FCAA7B5D23245E46255 = { isa = PBXBuildFile; fileRef = 523141C557F3F8B3D3E55F6E; };
A4453049C733D265E6CB179F = { isa = PBXFileReference; lastKnownFileType = "text.json"; path = "App/Resources/Localization/UIStringsStartup.json"; sourceTree = SOURCE_ROOT; };
F5171F751EDEBFA2098AEFC2 = { isa = PBXBuildFile; fileRef = A4453049C733D265E6CB179F; };
0069B7F227F58C4104C5B5F4 = { isa = PBXFileReference; lastKnownFileType = "text.json"; path = "App/Resources/Localization/UIStringsSupport.json"; sourceTree = SOURCE_ROOT; };
AAEDF5A78E17DF5876875ABC = { isa = PBXBuildFile; fileRef = 0069B7F227F58C4104C5B5F4; };
E90D0F4DCACD254DB44C6F9B = { isa = PBXFileReference; lastKnownFileType = "text.xml"; path = "App/PrivacyInfo.xcprivacy"; sourceTree = SOURCE_ROOT; };
A25260244835C1DE52E0A447 = { isa = PBXBuildFile; fileRef = E90D0F4DCACD254DB44C6F9B; };
0D132C40DA4D08190B040F62 = { isa = PBXFileReference; lastKnownFileType = "folder.assetcatalog"; path = "App/Resources/Assets.xcassets"; sourceTree = SOURCE_ROOT; };
22F68C9BEC0114A502D2F3BB = { isa = PBXBuildFile; fileRef = 0D132C40DA4D08190B040F62; };
6F01F9008B6E8493FC971E52 = { isa = PBXFileReference; lastKnownFileType = text.plist.strings; name = "en"; path = "Resources/en.lproj/InfoPlist.strings"; sourceTree = SOURCE_ROOT; };
DF457E0987550773D8A84260 = { isa = PBXFileReference; lastKnownFileType = text.plist.strings; name = "zh-Hans"; path = "Resources/zh-Hans.lproj/InfoPlist.strings"; sourceTree = SOURCE_ROOT; };
81C7B96EA3173C0C3B4C8FDC = { isa = PBXVariantGroup; children = (6F01F9008B6E8493FC971E52, DF457E0987550773D8A84260,); name = "InfoPlist.strings"; sourceTree = "<group>"; };
62C85691A67629D939AC1B55 = { isa = PBXBuildFile; fileRef = 81C7B96EA3173C0C3B4C8FDC; };
4E783A9E10D2A8ABA38CD11C = { isa = PBXFileReference; explicitFileType = wrapper.application; path = Capydoku.app; sourceTree = BUILT_PRODUCTS_DIR; };
6C7CCDEB3609F1FAA874E941 = { isa = PBXFileReference; explicitFileType = wrapper.cfbundle; path = CapydokuUITests.xctest; sourceTree = BUILT_PRODUCTS_DIR; };
198AA8EA2A3A4B5640AEA2BE = { isa = PBXFileReference; explicitFileType = wrapper.cfbundle; path = CapydokuAppTests.xctest; sourceTree = BUILT_PRODUCTS_DIR; };
FBDC4F23F93125BBEEAE800C = { isa = PBXGroup; children = (4E783A9E10D2A8ABA38CD11C, 6C7CCDEB3609F1FAA874E941, 198AA8EA2A3A4B5640AEA2BE,); name = Products; sourceTree = "<group>"; };
870B3294C0CBD48AF6BBCC1B = { isa = PBXGroup; children = (AF60D799CBC3DF7DE446F737, C2599C25FB47ADD1803E6934, 802C768AA72FEDECDCD26BBB, D1CF0A6D58547823C450754C, 8315071D865BB691FAAB825E, B70B4AB705D648926387BD68, C7A905C5F18B99D52E2BF0F3, D55E68633A5EAAFEE36D9F21, 4750B5AEB3A2442230DB669A, CD9A95FD97E440FA96023E6A, 3C6B5CD5F313315613931B16, F3F938F8AA2326E7F9DB19E5, 21FD77D4D22BE93D26ECECFC, 31B396C672061813B3A8B944, A4E0B2FDBB8C783427391B4D, 7BFE4D9D17C0AA3A16BF243E, AD847B81CA53BDD955585006, 3EAE985E9CE7D12C92D29C3D, A7702044DD3F6A949E85532E, DE507E946568F61463BC172C, 76F8946EDB2C0787ADAC862A, 30B36E3E5965DFC84DA6B6EB, D4B8ECEDCB8644866E7D63A3, 7D87540CCB182117CB6ED885, D331B5D7248854A48974C57C, 93657B40C2EEEC0DBFD78F47, EBDE28670F16E4AF77CB2145, A2A38E156496B5EB03EC00D9, 141AEE53F4335B87A4799BDA, 9EA823CC53722DD5543F09FB, 4BB4393EF2C9F7D5D35BB037, 9ED3DFC740C6AF5E52B8DD6C, BC0EF1F40259D0BA56F41FE2, D27FAA1927CF12B34EAA0103, B87ED9D86CA108F1E91DBB11, BAE4DAA9EC0FA5E77D0A7475, 9D2A43FBBC464BAC51C7EC08, 9F6394F829CF909A0B5E1691, ABBC185927923F8A54646AFC, 24C182E7CB314E37DDEC54C6, E673E68A55CDA0535A28ED98, F857E6D43A7E372AA27B2B9E, 60B7BEF291C5CE765E682866, E56DC0C538D59A064C4D5007, 00ECF7618968B715307D70FA, 2152F3B4A45ED0DE4E14AB8D, 792ADE56391DE26D78E3E80A, EA6DABF9A1DF1C966F8FBB49, F253E1AF788B38330115CAE1, AA379C3637C0E094C22184D1, E84F551A539087987315CD5D, 7DF67DB813B29D8D13484340, 523141C557F3F8B3D3E55F6E, A4453049C733D265E6CB179F, 0069B7F227F58C4104C5B5F4, E90D0F4DCACD254DB44C6F9B, 0D132C40DA4D08190B040F62, 81C7B96EA3173C0C3B4C8FDC, 28A42A07E3AD34DC91AF8F29, FBDC4F23F93125BBEEAE800C,); sourceTree = "<group>"; };
B747EAD6A8D7189EE159E1E4 = { isa = XCLocalSwiftPackageReference; relativePath = .; };
8D6A224FA1D1DD751157EB0C = { isa = XCSwiftPackageProductDependency; package = B747EAD6A8D7189EE159E1E4; productName = CapydokuCore; };
D9F82689E8F760ECED47CA3E = { isa = PBXBuildFile; productRef = 8D6A224FA1D1DD751157EB0C; };
F4EEF7E567A289E1590720E8 = { isa = PBXSourcesBuildPhase; buildActionMask = 2147483647; files = (AFBF68AF6FB24DFD9AB86806, 171EB73D6FEBF2ABD05C8864, 406E1E592084701365069855, 4B7FF5E5BB916FA338BB0DAB, AF060BD06CCE4317CBDC4B08, B7D478DCD395E6796CC19D44, B61664487C2F40A2139975DD, 1967B13A31C540DBCAE76B56, 44E6D48DFA221ABEAD695D8A, B5A975D97959A735F1AFCABF, 62A665E4ACA8E4776FB83F03, 7F8C1D9BBB41E556D87B7664, 93D26B7890A45CCBCC6F6350, 7ECA380D35A8BBCF9FA77268, DD0008C058DECB141CF5DCE8, B9D0627F06A174C85AB40C93, 100F9252AAB0092FBD2F7113, 0B7763D7E65E775F88A4F9B5,); runOnlyForDeploymentPostprocessing = 0; };
124675DA22563F4A8DF5701F = { isa = PBXResourcesBuildPhase; buildActionMask = 2147483647; files = (D8ECDAB0B1A5760697EDF89C, BCB30E137EAF2252F35723C8, C96402F00CC70C277A2A71DE, E264D4CD9E0B88C7C31886AC, 23FDA9A398E5939D9A778C91, 28D40FCAA7B5D23245E46255, F5171F751EDEBFA2098AEFC2, AAEDF5A78E17DF5876875ABC, A25260244835C1DE52E0A447, 22F68C9BEC0114A502D2F3BB, 62C85691A67629D939AC1B55,); runOnlyForDeploymentPostprocessing = 0; };
BD92572B49AC16A86614498D = { isa = PBXFrameworksBuildPhase; buildActionMask = 2147483647; files = (D9F82689E8F760ECED47CA3E,); runOnlyForDeploymentPostprocessing = 0; };
FD75FF911F90B7A81B0323DB = { isa = PBXSourcesBuildPhase; buildActionMask = 2147483647; files = (BF6B8A9D0DBFCB83D66AE8F5, 92768FF7DB5EF802456814CD, 250411E114ED5EECDA7BF560, 4A1EC30FFEB82BD4E006E27D,); runOnlyForDeploymentPostprocessing = 0; };
41958FD62DA7C700DCCA5DC4 = { isa = PBXResourcesBuildPhase; buildActionMask = 2147483647; files = (); runOnlyForDeploymentPostprocessing = 0; };
E05DB79C430AA1B0BA487AFC = { isa = PBXFrameworksBuildPhase; buildActionMask = 2147483647; files = (); runOnlyForDeploymentPostprocessing = 0; };
BEC063750977DD5A28DA91B7 = { isa = PBXSourcesBuildPhase; buildActionMask = 2147483647; files = (D2AAA389C5A3FB64F68F9861, 6DC4F19F32F9DF3371209F64, AF71B0D3CE2D87F63BA339CA, 050F3D7A547E4DDB217C88CE, D2A2275BB9887AD8E909E446, A5D9C6E119AAC27B7E351558, EB6F5C68EFA7FB7012D92EFA, 9A3DEB03D2ED05CBF3F1C1A9, 9335AE0EAA2B6BFD87D7FD93, 7A9B15F418B59709C276973B, 23293E9A9F8B500DC18E76AB, D0C75A4E65B0725E4BBD74E0, D9D284089690F7405BD3134D, AD18113A6607E0BAF9DE4CA9, AAD07B8037CAB453024AB22E, D68828C317BA278B956DC606, 65FA4EE60CA8A1DA11B64BCA, B2A3DCC656E13FA9F48E3FE6, F00C1C5E5B6882618AD2D5D1, AE26D11F621D6C4490AAAC07, 7C3467CFDDEDBF09BB721A79, 3ECE4BC44E10648691F43594, A6E45E7F4805D3035C64F06A, 8000DFFE25C60A73EC92CD39, D49EC43FC35B51000D313787,); runOnlyForDeploymentPostprocessing = 0; };
40F9A4BAD9F5CD65A757EBEE = { isa = PBXResourcesBuildPhase; buildActionMask = 2147483647; files = (C7AB232E97DC3C2E9A9CB456,); runOnlyForDeploymentPostprocessing = 0; };
4EFE369E822A01F5F3097F6E = { isa = PBXFrameworksBuildPhase; buildActionMask = 2147483647; files = (); runOnlyForDeploymentPostprocessing = 0; };
ED8772ADEC3A6C25161BC957 = { isa = XCBuildConfiguration; name = Debug; buildSettings = {SDKROOT = "iphoneos"; IPHONEOS_DEPLOYMENT_TARGET = "15.0"; SWIFT_VERSION = "5.0"; CLANG_ENABLE_MODULES = "YES"; CLANG_ENABLE_OBJC_ARC = "YES"; ENABLE_TESTABILITY = "YES"; ONLY_ACTIVE_ARCH = "YES"; SWIFT_OPTIMIZATION_LEVEL = "-Onone"; SWIFT_ACTIVE_COMPILATION_CONDITIONS = "DEBUG"; DEBUG_INFORMATION_FORMAT = "dwarf";}; };
00F209874A1F7309F6DCEAA7 = { isa = XCBuildConfiguration; name = Release; buildSettings = {SDKROOT = "iphoneos"; IPHONEOS_DEPLOYMENT_TARGET = "15.0"; SWIFT_VERSION = "5.0"; CLANG_ENABLE_MODULES = "YES"; CLANG_ENABLE_OBJC_ARC = "YES"; ENABLE_TESTABILITY = "YES"; ONLY_ACTIVE_ARCH = "YES"; SWIFT_OPTIMIZATION_LEVEL = "-O"; SWIFT_ACTIVE_COMPILATION_CONDITIONS = ""; DEBUG_INFORMATION_FORMAT = "dwarf-with-dsym";}; };
90061A5F4E19D1411B425E01 = { isa = XCConfigurationList; buildConfigurations = (ED8772ADEC3A6C25161BC957, 00F209874A1F7309F6DCEAA7,); defaultConfigurationIsVisible = 0; defaultConfigurationName = Release; };
F8975E934DA2067E0E497395 = { isa = XCBuildConfiguration; name = Debug; buildSettings = {PRODUCT_NAME = "Capydoku"; PRODUCT_BUNDLE_IDENTIFIER = "com.capydoku.demo"; INFOPLIST_FILE = "App/Info.plist"; GENERATE_INFOPLIST_FILE = "NO"; TARGETED_DEVICE_FAMILY = "1"; CODE_SIGN_STYLE = "Automatic"; MARKETING_VERSION = "0.2.12"; CURRENT_PROJECT_VERSION = "15"; ASSETCATALOG_COMPILER_APPICON_NAME = "AppIcon"; LD_RUNPATH_SEARCH_PATHS = "$(inherited) @executable_path/Frameworks"; SUPPORTS_MACCATALYST = "NO"; SWIFT_EMIT_LOC_STRINGS = "YES"; SWIFT_OPTIMIZATION_LEVEL = "-Onone"; SWIFT_ACTIVE_COMPILATION_CONDITIONS = "DEBUG"; DEBUG_INFORMATION_FORMAT = "dwarf";}; };
F72D4F08E84CA4C7F809A7CF = { isa = XCBuildConfiguration; name = Release; buildSettings = {PRODUCT_NAME = "Capydoku"; PRODUCT_BUNDLE_IDENTIFIER = "com.capydoku.demo"; INFOPLIST_FILE = "App/Info.plist"; GENERATE_INFOPLIST_FILE = "NO"; TARGETED_DEVICE_FAMILY = "1"; CODE_SIGN_STYLE = "Automatic"; MARKETING_VERSION = "0.2.12"; CURRENT_PROJECT_VERSION = "15"; ASSETCATALOG_COMPILER_APPICON_NAME = "AppIcon"; LD_RUNPATH_SEARCH_PATHS = "$(inherited) @executable_path/Frameworks"; SUPPORTS_MACCATALYST = "NO"; SWIFT_EMIT_LOC_STRINGS = "YES"; SWIFT_OPTIMIZATION_LEVEL = "-O"; SWIFT_ACTIVE_COMPILATION_CONDITIONS = ""; DEBUG_INFORMATION_FORMAT = "dwarf-with-dsym";}; };
F71882A9CB03F905E32BBDCE = { isa = XCConfigurationList; buildConfigurations = (F8975E934DA2067E0E497395, F72D4F08E84CA4C7F809A7CF,); defaultConfigurationIsVisible = 0; defaultConfigurationName = Release; };
7F929722E479EF6D8D76C2D6 = { isa = XCBuildConfiguration; name = Debug; buildSettings = {PRODUCT_NAME = "CapydokuUITests"; PRODUCT_BUNDLE_IDENTIFIER = "com.capydoku.demo.uitests"; GENERATE_INFOPLIST_FILE = "YES"; TARGETED_DEVICE_FAMILY = "1"; CODE_SIGN_STYLE = "Automatic"; TEST_TARGET_NAME = "Capydoku"; LD_RUNPATH_SEARCH_PATHS = "$(inherited) @executable_path/Frameworks @loader_path/Frameworks"; SWIFT_OPTIMIZATION_LEVEL = "-Onone"; SWIFT_ACTIVE_COMPILATION_CONDITIONS = "DEBUG"; DEBUG_INFORMATION_FORMAT = "dwarf";}; };
1EFEAF9DF0710C818461704F = { isa = XCBuildConfiguration; name = Release; buildSettings = {PRODUCT_NAME = "CapydokuUITests"; PRODUCT_BUNDLE_IDENTIFIER = "com.capydoku.demo.uitests"; GENERATE_INFOPLIST_FILE = "YES"; TARGETED_DEVICE_FAMILY = "1"; CODE_SIGN_STYLE = "Automatic"; TEST_TARGET_NAME = "Capydoku"; LD_RUNPATH_SEARCH_PATHS = "$(inherited) @executable_path/Frameworks @loader_path/Frameworks"; SWIFT_OPTIMIZATION_LEVEL = "-O"; SWIFT_ACTIVE_COMPILATION_CONDITIONS = ""; DEBUG_INFORMATION_FORMAT = "dwarf-with-dsym";}; };
FE5F46ACD05AB4EF4D3F12AE = { isa = XCConfigurationList; buildConfigurations = (7F929722E479EF6D8D76C2D6, 1EFEAF9DF0710C818461704F,); defaultConfigurationIsVisible = 0; defaultConfigurationName = Release; };
9E5170DD8516708D743B58C3 = { isa = XCBuildConfiguration; name = Debug; buildSettings = {PRODUCT_NAME = "CapydokuAppTests"; PRODUCT_BUNDLE_IDENTIFIER = "com.capydoku.demo.apptests"; GENERATE_INFOPLIST_FILE = "YES"; TARGETED_DEVICE_FAMILY = "1"; CODE_SIGN_STYLE = "Automatic"; BUNDLE_LOADER = "$(TEST_HOST)"; TEST_HOST = "$(BUILT_PRODUCTS_DIR)/Capydoku.app/Capydoku"; LD_RUNPATH_SEARCH_PATHS = "$(inherited) @executable_path/Frameworks @loader_path/Frameworks"; SWIFT_OPTIMIZATION_LEVEL = "-Onone"; SWIFT_ACTIVE_COMPILATION_CONDITIONS = "DEBUG"; DEBUG_INFORMATION_FORMAT = "dwarf";}; };
B8E4BB20B79A92CF430DB3B0 = { isa = XCBuildConfiguration; name = Release; buildSettings = {PRODUCT_NAME = "CapydokuAppTests"; PRODUCT_BUNDLE_IDENTIFIER = "com.capydoku.demo.apptests"; GENERATE_INFOPLIST_FILE = "YES"; TARGETED_DEVICE_FAMILY = "1"; CODE_SIGN_STYLE = "Automatic"; BUNDLE_LOADER = "$(TEST_HOST)"; TEST_HOST = "$(BUILT_PRODUCTS_DIR)/Capydoku.app/Capydoku"; LD_RUNPATH_SEARCH_PATHS = "$(inherited) @executable_path/Frameworks @loader_path/Frameworks"; SWIFT_OPTIMIZATION_LEVEL = "-O"; SWIFT_ACTIVE_COMPILATION_CONDITIONS = ""; DEBUG_INFORMATION_FORMAT = "dwarf-with-dsym";}; };
275E7B93C8EB42F92EA05F4E = { isa = XCConfigurationList; buildConfigurations = (9E5170DD8516708D743B58C3, B8E4BB20B79A92CF430DB3B0,); defaultConfigurationIsVisible = 0; defaultConfigurationName = Release; };
F75109BEB4DD8800DA6B45F8 = { isa = PBXNativeTarget; buildConfigurationList = F71882A9CB03F905E32BBDCE; buildPhases = (F4EEF7E567A289E1590720E8, BD92572B49AC16A86614498D, 124675DA22563F4A8DF5701F,); buildRules = (); dependencies = (); name = Capydoku; packageProductDependencies = (8D6A224FA1D1DD751157EB0C,); productName = Capydoku; productReference = 4E783A9E10D2A8ABA38CD11C; productType = "com.apple.product-type.application"; };
7E85D4A68785761E1DBB22D8 = { isa = PBXContainerItemProxy; containerPortal = 98F54143AB4E86B28C3AFEE0; proxyType = 1; remoteGlobalIDString = F75109BEB4DD8800DA6B45F8; remoteInfo = Capydoku; };
BAE932EF166B50AB877FDC6F = { isa = PBXTargetDependency; target = F75109BEB4DD8800DA6B45F8; targetProxy = 7E85D4A68785761E1DBB22D8; };
C062A5A4A7F4F37DD90F54CB = { isa = PBXNativeTarget; buildConfigurationList = FE5F46ACD05AB4EF4D3F12AE; buildPhases = (FD75FF911F90B7A81B0323DB, E05DB79C430AA1B0BA487AFC, 41958FD62DA7C700DCCA5DC4,); buildRules = (); dependencies = (BAE932EF166B50AB877FDC6F,); name = CapydokuUITests; productName = CapydokuUITests; productReference = 6C7CCDEB3609F1FAA874E941; productType = "com.apple.product-type.bundle.ui-testing"; };
48021BA534050206D31D8AAD = { isa = PBXNativeTarget; buildConfigurationList = 275E7B93C8EB42F92EA05F4E; buildPhases = (BEC063750977DD5A28DA91B7, 4EFE369E822A01F5F3097F6E, 40F9A4BAD9F5CD65A757EBEE,); buildRules = (); dependencies = (BAE932EF166B50AB877FDC6F,); name = CapydokuAppTests; productName = CapydokuAppTests; productReference = 198AA8EA2A3A4B5640AEA2BE; productType = "com.apple.product-type.bundle.unit-test"; };
98F54143AB4E86B28C3AFEE0 = { isa = PBXProject; attributes = { LastUpgradeCheck = 2600; TargetAttributes = { F75109BEB4DD8800DA6B45F8 = { CreatedOnToolsVersion = 26.0; }; C062A5A4A7F4F37DD90F54CB = { CreatedOnToolsVersion = 26.0; TestTargetID = F75109BEB4DD8800DA6B45F8; }; }; }; buildConfigurationList = 90061A5F4E19D1411B425E01; compatibilityVersion = "Xcode 14.0"; developmentRegion = en; hasScannedForEncodings = 0; knownRegions = (en, "zh-Hans", Base); mainGroup = 870B3294C0CBD48AF6BBCC1B; packageReferences = (B747EAD6A8D7189EE159E1E4,); productRefGroup = FBDC4F23F93125BBEEAE800C; projectDirPath = ""; projectRoot = ""; targets = (F75109BEB4DD8800DA6B45F8, C062A5A4A7F4F37DD90F54CB, 48021BA534050206D31D8AAD,); };
}; rootObject = 98F54143AB4E86B28C3AFEE0; }
